
Microsoft Visual Studio Solution File, Format Version 12.00
# Visual Studio Version 17
VisualStudioVersion = 17.14.36401.2
MinimumVisualStudioVersion = 10.0.40219.1
Project("{8BC9CEB8-8B4A-11D0-8D11-00A0C91BC942}") = "LogFileAnalyzer", "LogFileAnalyzer.vcxproj", "{CFF12947-5EFC-4750-9865-F9945BA250FE}"
	ProjectSection(ProjectDependencies) = postProject
		{2D10E638-0206-4BB1-B688-213EB5D375E4} = {2D10E638-0206-4BB1-B688-213EB5D375E4}
	EndProjectSection
EndProject
Project("{8BC9CEB8-8B4A-11D0-8D11-00A0C91BC942}") = "LogGenerator", "..\LogGenerator\LogGenerator.vcxproj", "{2D10E638-0206-4BB1-B688-213EB5D375E4}"
EndProject
Global
	GlobalSection(SolutionConfigurationPlatforms) = preSolution
		Debug|x64 = Debug|x64
		Debug|x86 = Debug|x86
		Release|x64 = Release|x64
		Release|x86 = Release|x86
	EndGlobalSection
	GlobalSection(ProjectConfigurationPlatforms) = postSolution
		{CFF12947-5EFC-4750-9865-F9945BA250FE}.Debug|x64.ActiveCfg = Debug|x64
		{CFF12947-5EFC-4750-9865-F9945BA250FE}.Debug|x64.Build.0 = Debug|x64
		{CFF12947-5EFC-4750-9865-F9945BA250FE}.Debug|x86.ActiveCfg = Debug|Win32
		{CFF12947-5EFC-4750-9865-F9945BA250FE}.Debug|x86.Build.0 = Debug|Win32
		{CFF12947-5EFC-4750-9865-F9945BA250FE}.Release|x64.ActiveCfg = Release|x64
		{CFF12947-5EFC-4750-9865-F9945BA250FE}.Release|x64.Build.0 = Release|x64
		{CFF12947-5EFC-4750-9865-F9945BA250FE}.Release|x86.ActiveCfg = Release|Win32
		{CFF12947-5EFC-4750-9865-F9945BA250FE}.Release|x86.Build.0 = Release|Win32
		{2D10E638-0206-4BB1-B688-213EB5D375E4}.Debug|x64.ActiveCfg = Debug|x64
		{2D10E638-0206-4BB1-B688-213EB5D375E4}.Debug|x64.Build.0 = Debug|x64
		{2D10E638-0206-4BB1-B688-213EB5D375E4}.Debug|x86.ActiveCfg = Debug|Win32
		{2D10E638-0206-4BB1-B688-213EB5D375E4}.Debug|x86.Build.0 = Debug|Win32
		{2D10E638-0206-4BB1-B688-213EB5D375E4}.Release|x64.ActiveCfg = Release|x64
		{2D10E638-0206-4BB1-B688-213EB5D375E4}.Release|x64.Build.0 = Release|x64
		{2D10E638-0206-4BB1-B688-213EB5D375E4}.Release|x86.ActiveCfg = Release|Win32
		{2D10E638-0206-4BB1-B688-213EB5D375E4}.Release|x86.Build.0 = Release|Win32
	EndGlobalSection
	GlobalSection(SolutionProperties) = preSolution
		HideSolutionNode = FALSE
	EndGlobalSection
	GlobalSection(ExtensibilityGlobals) = postSolution
		SolutionGuid = {4C620335-8949-43AF-8909-7F50BC580497}
	EndGlobalSection
EndGlobal
